
Microsoft Visual Studio Solution File, Format Version 12.00
# Visual Studio Version 17
VisualStudioVersion = 17.0.32112.339
MinimumVisualStudioVersion = 10.0.40219.1
Project("{FAE04EC0-301F-11D3-BF4B-00C04F79EFBC}") = "Двумерные_массивы", "Двумерные_массивы.csproj", "{6661CDFE-61F6-46B8-A34F-14968DEF10EB}"
EndProject
Global
	GlobalSection(SolutionConfigurationPlatforms) = preSolution
		Debug|Any CPU = Debug|Any CPU
		Release|Any CPU = Release|Any CPU
	EndGlobalSection
	GlobalSection(ProjectConfigurationPlatforms) = postSolution
		{6661CDFE-61F6-46B8-A34F-14968DEF10EB}.Debug|Any CPU.ActiveCfg = Debug|Any CPU
		{6661CDFE-61F6-46B8-A34F-14968DEF10EB}.Debug|Any CPU.Build.0 = Debug|Any CPU
		{6661CDFE-61F6-46B8-A34F-14968DEF10EB}.Release|Any CPU.ActiveCfg = Release|Any CPU
		{6661CDFE-61F6-46B8-A34F-14968DEF10EB}.Release|Any CPU.Build.0 = Release|Any CPU
	EndGlobalSection
	GlobalSection(SolutionProperties) = preSolution
		HideSolutionNode = FALSE
	EndGlobalSection
	GlobalSection(ExtensibilityGlobals) = postSolution
		SolutionGuid = {820FC154-48C7-4882-9050-8C73AAC7A8EC}
	EndGlobalSection
EndGlobal
