
Microsoft Visual Studio Solution File, Format Version 12.00
# Visual Studio Version 17
VisualStudioVersion = 17.0.32112.339
MinimumVisualStudioVersion = 10.0.40219.1
Project("{FAE04EC0-301F-11D3-BF4B-00C04F79EFBC}") = "КТ - 2 семестр (1 курс)", "КТ - 2 семестр (1 курс).csproj", "{1174E4A4-E5CB-4654-BD98-B7649B7A393F}"
EndProject
Global
	GlobalSection(SolutionConfigurationPlatforms) = preSolution
		Debug|Any CPU = Debug|Any CPU
		Release|Any CPU = Release|Any CPU
	EndGlobalSection
	GlobalSection(ProjectConfigurationPlatforms) = postSolution
		{1174E4A4-E5CB-4654-BD98-B7649B7A393F}.Debug|Any CPU.ActiveCfg = Debug|Any CPU
		{1174E4A4-E5CB-4654-BD98-B7649B7A393F}.Debug|Any CPU.Build.0 = Debug|Any CPU
		{1174E4A4-E5CB-4654-BD98-B7649B7A393F}.Release|Any CPU.ActiveCfg = Release|Any CPU
		{1174E4A4-E5CB-4654-BD98-B7649B7A393F}.Release|Any CPU.Build.0 = Release|Any CPU
	EndGlobalSection
	GlobalSection(SolutionProperties) = preSolution
		HideSolutionNode = FALSE
	EndGlobalSection
	GlobalSection(ExtensibilityGlobals) = postSolution
		SolutionGuid = {55ABD501-91F9-4144-A682-C5E1210F172B}
	EndGlobalSection
EndGlobal
