
Microsoft Visual Studio Solution File, Format Version 12.00
# Visual Studio Version 17
VisualStudioVersion = 17.0.32112.339
MinimumVisualStudioVersion = 10.0.40219.1
Project("{FAE04EC0-301F-11D3-BF4B-00C04F79EFBC}") = "ConsoleApp2", "ConsoleApp2.csproj", "{C84AD377-5E54-4D91-B295-F2E5CA4AFA53}"
EndProject
Global
	GlobalSection(SolutionConfigurationPlatforms) = preSolution
		Debug|Any CPU = Debug|Any CPU
		Release|Any CPU = Release|Any CPU
	EndGlobalSection
	GlobalSection(ProjectConfigurationPlatforms) = postSolution
		{C84AD377-5E54-4D91-B295-F2E5CA4AFA53}.Debug|Any CPU.ActiveCfg = Debug|Any CPU
		{C84AD377-5E54-4D91-B295-F2E5CA4AFA53}.Debug|Any CPU.Build.0 = Debug|Any CPU
		{C84AD377-5E54-4D91-B295-F2E5CA4AFA53}.Release|Any CPU.ActiveCfg = Release|Any CPU
		{C84AD377-5E54-4D91-B295-F2E5CA4AFA53}.Release|Any CPU.Build.0 = Release|Any CPU
	EndGlobalSection
	GlobalSection(SolutionProperties) = preSolution
		HideSolutionNode = FALSE
	EndGlobalSection
	GlobalSection(ExtensibilityGlobals) = postSolution
		SolutionGuid = {1419454C-F331-4075-8267-25598308E428}
	EndGlobalSection
EndGlobal
