
Microsoft Visual Studio Solution File, Format Version 12.00
# Visual Studio Version 17
VisualStudioVersion = 17.0.32112.339
MinimumVisualStudioVersion = 10.0.40219.1
Project("{FAE04EC0-301F-11D3-BF4B-00C04F79EFBC}") = "Dad's_Programm", "Dad's_Programm.csproj", "{E662D83E-C96F-43E7-99E3-2998951C7E11}"
EndProject
Global
	GlobalSection(SolutionConfigurationPlatforms) = preSolution
		Debug|Any CPU = Debug|Any CPU
		Release|Any CPU = Release|Any CPU
	EndGlobalSection
	GlobalSection(ProjectConfigurationPlatforms) = postSolution
		{E662D83E-C96F-43E7-99E3-2998951C7E11}.Debug|Any CPU.ActiveCfg = Debug|Any CPU
		{E662D83E-C96F-43E7-99E3-2998951C7E11}.Debug|Any CPU.Build.0 = Debug|Any CPU
		{E662D83E-C96F-43E7-99E3-2998951C7E11}.Release|Any CPU.ActiveCfg = Release|Any CPU
		{E662D83E-C96F-43E7-99E3-2998951C7E11}.Release|Any CPU.Build.0 = Release|Any CPU
	EndGlobalSection
	GlobalSection(SolutionProperties) = preSolution
		HideSolutionNode = FALSE
	EndGlobalSection
	GlobalSection(ExtensibilityGlobals) = postSolution
		SolutionGuid = {29042566-AFD7-4CCE-9BA3-0A644A1FC758}
	EndGlobalSection
EndGlobal
