
Microsoft Visual Studio Solution File, Format Version 12.00
# Visual Studio Version 17
VisualStudioVersion = 17.0.32112.339
MinimumVisualStudioVersion = 10.0.40219.1
Project("{FAE04EC0-301F-11D3-BF4B-00C04F79EFBC}") = "do-while 14", "do-while 14.csproj", "{63BC8EB2-9F86-4EE5-89CE-C1CEDAED738C}"
EndProject
Global
	GlobalSection(SolutionConfigurationPlatforms) = preSolution
		Debug|Any CPU = Debug|Any CPU
		Release|Any CPU = Release|Any CPU
	EndGlobalSection
	GlobalSection(ProjectConfigurationPlatforms) = postSolution
		{63BC8EB2-9F86-4EE5-89CE-C1CEDAED738C}.Debug|Any CPU.ActiveCfg = Debug|Any CPU
		{63BC8EB2-9F86-4EE5-89CE-C1CEDAED738C}.Debug|Any CPU.Build.0 = Debug|Any CPU
		{63BC8EB2-9F86-4EE5-89CE-C1CEDAED738C}.Release|Any CPU.ActiveCfg = Release|Any CPU
		{63BC8EB2-9F86-4EE5-89CE-C1CEDAED738C}.Release|Any CPU.Build.0 = Release|Any CPU
	EndGlobalSection
	GlobalSection(SolutionProperties) = preSolution
		HideSolutionNode = FALSE
	EndGlobalSection
	GlobalSection(ExtensibilityGlobals) = postSolution
		SolutionGuid = {FD067BA5-60EA-448C-B438-28818CA42636}
	EndGlobalSection
EndGlobal
