
Microsoft Visual Studio Solution File, Format Version 12.00
# Visual Studio Version 17
VisualStudioVersion = 17.0.32112.339
MinimumVisualStudioVersion = 10.0.40219.1
Project("{FAE04EC0-301F-11D3-BF4B-00C04F79EFBC}") = "24.05", "24.05.csproj", "{6C86C1A2-6520-45ED-8EF0-644D0F2C5E92}"
EndProject
Global
	GlobalSection(SolutionConfigurationPlatforms) = preSolution
		Debug|Any CPU = Debug|Any CPU
		Release|Any CPU = Release|Any CPU
	EndGlobalSection
	GlobalSection(ProjectConfigurationPlatforms) = postSolution
		{6C86C1A2-6520-45ED-8EF0-644D0F2C5E92}.Debug|Any CPU.ActiveCfg = Debug|Any CPU
		{6C86C1A2-6520-45ED-8EF0-644D0F2C5E92}.Debug|Any CPU.Build.0 = Debug|Any CPU
		{6C86C1A2-6520-45ED-8EF0-644D0F2C5E92}.Release|Any CPU.ActiveCfg = Release|Any CPU
		{6C86C1A2-6520-45ED-8EF0-644D0F2C5E92}.Release|Any CPU.Build.0 = Release|Any CPU
	EndGlobalSection
	GlobalSection(SolutionProperties) = preSolution
		HideSolutionNode = FALSE
	EndGlobalSection
	GlobalSection(ExtensibilityGlobals) = postSolution
		SolutionGuid = {91F9D5F5-3BA3-4694-9F54-B622F2EA8D6A}
	EndGlobalSection
EndGlobal
