
Microsoft Visual Studio Solution File, Format Version 12.00
# Visual Studio Version 17
VisualStudioVersion = 17.0.32112.339
MinimumVisualStudioVersion = 10.0.40219.1
Project("{FAE04EC0-301F-11D3-BF4B-00C04F79EFBC}") = "Работа с файлом 07.06", "Работа с файлом 07.06.csproj", "{B82C6718-45CB-4821-B5EE-D78368829B87}"
EndProject
Global
	GlobalSection(SolutionConfigurationPlatforms) = preSolution
		Debug|Any CPU = Debug|Any CPU
		Release|Any CPU = Release|Any CPU
	EndGlobalSection
	GlobalSection(ProjectConfigurationPlatforms) = postSolution
		{B82C6718-45CB-4821-B5EE-D78368829B87}.Debug|Any CPU.ActiveCfg = Debug|Any CPU
		{B82C6718-45CB-4821-B5EE-D78368829B87}.Debug|Any CPU.Build.0 = Debug|Any CPU
		{B82C6718-45CB-4821-B5EE-D78368829B87}.Release|Any CPU.ActiveCfg = Release|Any CPU
		{B82C6718-45CB-4821-B5EE-D78368829B87}.Release|Any CPU.Build.0 = Release|Any CPU
	EndGlobalSection
	GlobalSection(SolutionProperties) = preSolution
		HideSolutionNode = FALSE
	EndGlobalSection
	GlobalSection(ExtensibilityGlobals) = postSolution
		SolutionGuid = {4076B4F3-3141-48B6-A31E-81E648EE48BB}
	EndGlobalSection
EndGlobal
