
Microsoft Visual Studio Solution File, Format Version 12.00
# Visual Studio Version 17
VisualStudioVersion = 17.0.32112.339
MinimumVisualStudioVersion = 10.0.40219.1
Project("{FAE04EC0-301F-11D3-BF4B-00C04F79EFBC}") = "Д - last", "Д - last.csproj", "{62A784CE-87AD-49EE-9F90-84260058D29D}"
EndProject
Global
	GlobalSection(SolutionConfigurationPlatforms) = preSolution
		Debug|Any CPU = Debug|Any CPU
		Release|Any CPU = Release|Any CPU
	EndGlobalSection
	GlobalSection(ProjectConfigurationPlatforms) = postSolution
		{62A784CE-87AD-49EE-9F90-84260058D29D}.Debug|Any CPU.ActiveCfg = Debug|Any CPU
		{62A784CE-87AD-49EE-9F90-84260058D29D}.Debug|Any CPU.Build.0 = Debug|Any CPU
		{62A784CE-87AD-49EE-9F90-84260058D29D}.Release|Any CPU.ActiveCfg = Release|Any CPU
		{62A784CE-87AD-49EE-9F90-84260058D29D}.Release|Any CPU.Build.0 = Release|Any CPU
	EndGlobalSection
	GlobalSection(SolutionProperties) = preSolution
		HideSolutionNode = FALSE
	EndGlobalSection
	GlobalSection(ExtensibilityGlobals) = postSolution
		SolutionGuid = {9E7B15B8-F519-4A9B-9356-7C3841BEED14}
	EndGlobalSection
EndGlobal
