
Microsoft Visual Studio Solution File, Format Version 12.00
# Visual Studio Version 17
VisualStudioVersion = 17.0.32112.339
MinimumVisualStudioVersion = 10.0.40219.1
Project("{FAE04EC0-301F-11D3-BF4B-00C04F79EFBC}") = "12.04", "12.04.csproj", "{7187CE44-E7DC-4336-9C05-E9A77D17CE10}"
EndProject
Global
	GlobalSection(SolutionConfigurationPlatforms) = preSolution
		Debug|Any CPU = Debug|Any CPU
		Release|Any CPU = Release|Any CPU
	EndGlobalSection
	GlobalSection(ProjectConfigurationPlatforms) = postSolution
		{7187CE44-E7DC-4336-9C05-E9A77D17CE10}.Debug|Any CPU.ActiveCfg = Debug|Any CPU
		{7187CE44-E7DC-4336-9C05-E9A77D17CE10}.Debug|Any CPU.Build.0 = Debug|Any CPU
		{7187CE44-E7DC-4336-9C05-E9A77D17CE10}.Release|Any CPU.ActiveCfg = Release|Any CPU
		{7187CE44-E7DC-4336-9C05-E9A77D17CE10}.Release|Any CPU.Build.0 = Release|Any CPU
	EndGlobalSection
	GlobalSection(SolutionProperties) = preSolution
		HideSolutionNode = FALSE
	EndGlobalSection
	GlobalSection(ExtensibilityGlobals) = postSolution
		SolutionGuid = {C9E022C5-F21A-4E77-92DA-AD6DD027D37E}
	EndGlobalSection
EndGlobal
